
Microsoft Visual Studio Solution File, Format Version 12.00
# Visual Studio Version 17
VisualStudioVersion = 17.14.36327.8 d17.14
MinimumVisualStudioVersion = 10.0.40219.1
Project("{FAE04EC0-301F-11D3-BF4B-00C04F79EFBC}") = "TestCoreApp", "TestCoreApp\TestCoreApp.csproj", "{33965DF5-1F06-45FA-8F40-64D96F775C0B}"
EndProject
Global
	GlobalSection(SolutionConfigurationPlatforms) = preSolution
		Debug|Any CPU = Debug|Any CPU
		Release|Any CPU = Release|Any CPU
	EndGlobalSection
	GlobalSection(ProjectConfigurationPlatforms) = postSolution
		{33965DF5-1F06-45FA-8F40-64D96F775C0B}.Debug|Any CPU.ActiveCfg = Debug|Any CPU
		{33965DF5-1F06-45FA-8F40-64D96F775C0B}.Debug|Any CPU.Build.0 = Debug|Any CPU
		{33965DF5-1F06-45FA-8F40-64D96F775C0B}.Release|Any CPU.ActiveCfg = Release|Any CPU
		{33965DF5-1F06-45FA-8F40-64D96F775C0B}.Release|Any CPU.Build.0 = Release|Any CPU
	EndGlobalSection
	GlobalSection(SolutionProperties) = preSolution
		HideSolutionNode = FALSE
	EndGlobalSection
	GlobalSection(ExtensibilityGlobals) = postSolution
		SolutionGuid = {D2F15A77-013A-48E2-BD8C-6CBEB3007767}
	EndGlobalSection
EndGlobal
